{
  "name": "@voxa/sdk",
  "version": "0.1.0",
  "lockfileVersion": 3,
  "requires": true,
  "packages": {
    "": {
      "name": "@voxa/sdk",
      "version": "0.1.0",
      "dependencies": {
        "@synq/sdk": "file:../sdk"
      }
    },
    "../sdk": {
      "name": "@synq/sdk",
      "version": "0.1.0",
      "devDependencies": {
        "typescript": "^5.9.3"
      }
    },
    "node_modules/@synq/sdk": {
      "resolved": "../sdk",
      "link": true
    }
  }
}
